
Microsoft Visual Studio Solution File, Format Version 11.00
# Visual Studio 2010
Project("{FAE04EC0-301F-11D3-BF4B-00C04F79EFBC}") = "Learn0", "Assembly-CSharp.csproj", "{7D842448-E3B5-0BD3-1A0C-6F09448FB42B}"
EndProject
Global
	GlobalSection(SolutionConfigurationPlatforms) = preSolution
		Debug|Any CPU = Debug|Any CPU
		Release|Any CPU = Release|Any CPU
	EndGlobalSection
	GlobalSection(ProjectConfigurationPlatforms) = postSolution
		{7D842448-E3B5-0BD3-1A0C-6F09448FB42B}.Debug|Any CPU.ActiveCfg = Debug|Any CPU
		{7D842448-E3B5-0BD3-1A0C-6F09448FB42B}.Debug|Any CPU.Build.0 = Debug|Any CPU
		{7D842448-E3B5-0BD3-1A0C-6F09448FB42B}.Release|Any CPU.ActiveCfg = Release|Any CPU
		{7D842448-E3B5-0BD3-1A0C-6F09448FB42B}.Release|Any CPU.Build.0 = Release|Any CPU
	EndGlobalSection
	GlobalSection(SolutionProperties) = preSolution
		HideSolutionNode = FALSE
	EndGlobalSection
	GlobalSection(MonoDevelopProperties) = preSolution
		StartupItem = Assembly-CSharp.csproj
	EndGlobalSection
EndGlobal
